
Microsoft Visual Studio Solution File, Format Version 12.00
# Visual Studio Version 17
VisualStudioVersion = 17.11.35327.3
MinimumVisualStudioVersion = 10.0.40219.1
Project("{FAE04EC0-301F-11D3-BF4B-00C04F79EFBC}") = "IoT", "IoT\IoT.csproj", "{A6118763-2340-42FA-ACDE-E70AF4194B6E}"
EndProject
Global
	GlobalSection(SolutionConfigurationPlatforms) = preSolution
		Debug|Any CPU = Debug|Any CPU
		Release|Any CPU = Release|Any CPU
	EndGlobalSection
	GlobalSection(ProjectConfigurationPlatforms) = postSolution
		{A6118763-2340-42FA-ACDE-E70AF4194B6E}.Debug|Any CPU.ActiveCfg = Debug|Any CPU
		{A6118763-2340-42FA-ACDE-E70AF4194B6E}.Debug|Any CPU.Build.0 = Debug|Any CPU
		{A6118763-2340-42FA-ACDE-E70AF4194B6E}.Release|Any CPU.ActiveCfg = Release|Any CPU
		{A6118763-2340-42FA-ACDE-E70AF4194B6E}.Release|Any CPU.Build.0 = Release|Any CPU
	EndGlobalSection
	GlobalSection(SolutionProperties) = preSolution
		HideSolutionNode = FALSE
	EndGlobalSection
	GlobalSection(ExtensibilityGlobals) = postSolution
		SolutionGuid = {93529F2B-F789-4FE4-9973-FF0E94655638}
	EndGlobalSection
EndGlobal
